
Microsoft Visual Studio Solution File, Format Version 12.00
# Visual Studio Version 17
VisualStudioVersion = 17.14.36603.0 d17.14
MinimumVisualStudioVersion = 10.0.40219.1
Project("{FAE04EC0-301F-11D3-BF4B-00C04F79EFBC}") = "Lexicon uppgift 2 - BizzFuzz", "Lexicon uppgift 2 - BizzFuzz\Lexicon uppgift 2 - BizzFuzz.csproj", "{A458FFEC-5E91-4455-AECE-62FCF776F7D5}"
EndProject
Global
	GlobalSection(SolutionConfigurationPlatforms) = preSolution
		Debug|Any CPU = Debug|Any CPU
		Release|Any CPU = Release|Any CPU
	EndGlobalSection
	GlobalSection(ProjectConfigurationPlatforms) = postSolution
		{A458FFEC-5E91-4455-AECE-62FCF776F7D5}.Debug|Any CPU.ActiveCfg = Debug|Any CPU
		{A458FFEC-5E91-4455-AECE-62FCF776F7D5}.Debug|Any CPU.Build.0 = Debug|Any CPU
		{A458FFEC-5E91-4455-AECE-62FCF776F7D5}.Release|Any CPU.ActiveCfg = Release|Any CPU
		{A458FFEC-5E91-4455-AECE-62FCF776F7D5}.Release|Any CPU.Build.0 = Release|Any CPU
	EndGlobalSection
	GlobalSection(SolutionProperties) = preSolution
		HideSolutionNode = FALSE
	EndGlobalSection
	GlobalSection(ExtensibilityGlobals) = postSolution
		SolutionGuid = {43D9A655-E81B-4B76-B358-0E0B7ECCC180}
	EndGlobalSection
EndGlobal
